github.com/MichaelTJones/walk v0.0.0-20161122175330-4748e29d5718/go.mod h1:VVwKsx9Dc8rNG55BWqogoJzGubjKnRoXdUvpGbWqeCc=
github.com/aaronland/go-http-bootstrap v0.0.5 h1:g6PehLzQcQjUiXQdYPrl3ZQuNRYTsR6kw9M7u83mI7U=
github.com/aaronland/go-http-bootstrap v0.0.5/go.mod h1:r8XhNGVceWoc7iwamnU0IIw5RyNyfMmGvcxLA/lQfek=
github.com/aaronland/go-http-leaflet v0.0.2 h1:UWRCfHCnknsDkd8jXmMkBcRV40qb0EkGYXn9ReqT+NU=
github.com/aaronland/go-http-leaflet v0.0.2/go.mod h1:jUzEnGKezjceuNtQJIZWy2nXMhuteRSK0BPIjSSniBw=
github.com/aaronland/go-http-rewrite v0.0.3/go.mod h1:g62jjXpsArD0lzJLs9bVLR9Locdt3f4OmqFkkJL2rQU=
github.com/aaronland/go-http-rewrite v0.0.4 h1:lI8cDF/nINjuSPrYpwvlJLa1cC32h1nvmBwRRHs9sow=
github.com/aaronland/go-http-rewrite v0.0.4/go.mod h1:g62jjXpsArD0lzJLs9bVLR9Locdt3f4OmqFkkJL2rQU=
github.com/aaronland/go-http-tangramjs v0.0.5 h1:SXRuPD2qgPQ9goCz4dezY3imq1zOZZy9EiCzo8c5szU=
github.com/aaronland/go-http-tangramjs v0.0.5/go.mod h1:fXj2CVcGLomqOOj+Kz/IEyrBnRK9F0l68m3aedn+NJw=
github.com/aaronland/go-roster v0.0.1 h1:r1l4n1HfWvEtOXZvhfXX0Won9Xf6QJsigdUdzOtuy/M=
github.com/aaronland/go-roster v0.0.1/go.mod h1:AcovpxlG1XxJxX2Fjqlm63fEIBhCjEIBV4lP87FZDmI=
github.com/akrylysov/algnhsa v0.0.0-20190319020909-05b3d192e9a7/go.mod h1:HhzjNA0EjUWcwHTUMwqrpeAdIF3gRmpH0HpWx1hYJSc=
github.com/alcortesm/tgz v0.0.0-20161220082320-9c5fe88206d7/go.mod h1:6zEj6s6u/ghQa61ZWa/C2Aw3RkjiTBOix7dkqa1VLIs=
github.com/anmitsu/go-shlex v0.0.0-20161002113705-648efa622239/go.mod h1:2FmKhYUyUczH0OGQWaF5ceTx0UBShxjsH6f8oGKYe2c=
github.com/armon/go-socks5 v0.0.0-20160902184237-e75332964ef5/go.mod h1:wHh0iHkYZB8zMSxRWpUBQtwG5a7fFgvEO+odwuTv2gs=
github.com/aws/aws-lambda-go v1.9.0/go.mod h1:zUsUQhAUjYzR8AuduJPCfhBuKWUaDbQiPOG+ouzmE1A=
github.com/aws/aws-lambda-go v1.10.0 h1:uafgdfYGQD0UeT7d2uKdyWW8j/ZYRifRPIdmeqLzLCk=
github.com/aws/aws-lambda-go v1.10.0/go.mod h1:zUsUQhAUjYzR8AuduJPCfhBuKWUaDbQiPOG+ouzmE1A=
github.com/creack/pty v1.1.7/go.mod h1:lj5s0c3V2DBrqTV7llrYr5NG6My20zk30Fl46Y7DoTY=
github.com/davecgh/go-spew v1.1.0/go.mod h1:J7Y8YcW2NihsgmVo/mv3lAwl/skON4iLHjSsI+c5H38=
github.com/davecgh/go-spew v1.1.1/go.mod h1:J7Y8YcW2NihsgmVo/mv3lAwl/skON4iLHjSsI+c5H38=
github.com/emirpasic/gods v1.12.0/go.mod h1:YfzfFFoVP/catgzJb4IKIqXjX78Ha8FMSDh3ymbK86o=
github.com/facebookgo/atomicfile v0.0.0-20151019160806-2de1f203e7d5/go.mod h1:JpoxHjuQauoxiFMl1ie8Xc/7TfLuMZ5eOCONd1sUBHg=
github.com/flynn/go-shlex v0.0.0-20150515145356-3f9db97f8568/go.mod h1:xEzjJPgXI435gkrCt3MPfRiAkVrwSbHsst4LCFVfpJc=
github.com/gliderlabs/ssh v0.2.2/go.mod h1:U7qILu1NlMHj9FlMhZLlkCdDnU1DBEAqr0aevW3Awn0=
github.com/go-ini/ini v1.42.0 h1:TWr1wGj35+UiWHlBA8er89seFXxzwFn11spilrrj+38=
github.com/go-ini/ini v1.42.0/go.mod h1:ByCAeIL28uOIIG0E3PJtZPDL8WnHpFKFOtgjp+3Ies8=
github.com/gogo/protobuf v1.3.0/go.mod h1:SlYgWuQ5SjCEi6WLHjHCa1yvBfUnHcTbrrZtXPKa29o=
github.com/google/go-cmp v0.3.0/go.mod h1:8QqcDgzrUqlUb/G2PQTWiueGozuR1884gddMywk6iLU=
github.com/gopherjs/gopherjs v0.0.0-20181017120253-0766667cb4d1/go.mod h1:wJfORRmW1u3UXTncJ5qlYoELFm8eSnnEO6hX4iZ3EWY=
github.com/hashicorp/errwrap v0.0.0-20141028054710-7554cd9344ce h1:prjrVgOk2Yg6w+PflHoszQNLTUh4kaByUcEWM/9uin4=
github.com/hashicorp/errwrap v0.0.0-20141028054710-7554cd9344ce/go.mod h1:YH+1FKiLXxHSkmPseP+kNlulaMuP3n2brvKWEqk/Jc4=
github.com/hashicorp/go-multierror v0.0.0-20171204182908-b7773ae21874 h1:em+tTnzgU7N22woTBMcSJAOW7tRHAkK597W+MD/CpK8=
github.com/hashicorp/go-multierror v0.0.0-20171204182908-b7773ae21874/go.mod h1:JMRHfdO9jKNzS/+BTlxCjKNQHg/jZAft8U7LloJvN7I=
github.com/jbenet/go-context v0.0.0-20150711004518-d14ea06fba99/go.mod h1:1lJo3i6rXxKeerYnT8Nvf0QmHCRC1n8sfWVwXF2Frvo=
github.com/jessevdk/go-flags v1.4.0/go.mod h1:4FA24M0QyGHXBuZZK/XkWh8h0e1EYbRYJSGM75WSRxI=
github.com/jtolds/gls v4.20.0+incompatible/go.mod h1:QJZ7F/aHp+rZTRtaJ1ow/lLfFfVYBRgL+9YlvaHOwJU=
github.com/kevinburke/ssh_config v0.0.0-20190725054713-01f96b0aa0cd/go.mod h1:CT57kijsi8u/K/BOFA39wgDQJ9CxiF4nAY/ojJ6r6mM=
github.com/kisielk/errcheck v1.2.0/go.mod h1:/BMXB+zMLi60iA8Vv6Ksmxu/1UDYcXs4uQLJ+jE2L00=
github.com/kisielk/gotool v1.0.0/go.mod h1:XhKaO+MFFWcvkIS/tQcRk01m1F5IRFswLeQ+oQHNcck=
github.com/kr/pretty v0.1.0/go.mod h1:dAy3ld7l9f0ibDNOQOHHMYYIIbhfbHSm3C4ZsoJORNo=
github.com/kr/pty v1.1.1/go.mod h1:pFQYn66WHrOpPYNljwOMqo10TkYh1fy3cYio2l3bCsQ=
github.com/kr/pty v1.1.8/go.mod h1:O1sed60cT9XZ5uDucP5qwvh+TE3NnUj51EiZO/lmSfw=
github.com/kr/text v0.1.0/go.mod h1:4Jbv+DJW3UT/LiOwJeYQe1efqtUx/iVham/4vfdArNI=
github.com/mattn/go-sqlite3 v1.10.0/go.mod h1:FPy6KqzDD04eiIsT53CuJW3U88zkxoIYsOqkbpncsNc=
github.com/mitchellh/go-homedir v1.1.0/go.mod h1:SfyaCUpYCn1Vlf4IUYiD9fPX4A5wJrkLzIz1N1q0pr0=
github.com/mmcloughlin/geohash v0.9.0 h1:FihR004p/aE1Sju6gcVq5OLDqGcMnpBY+8moBqIsVOs=
github.com/mmcloughlin/geohash v0.9.0/go.mod h1:oNZxQo5yWJh0eMQEP/8hwQuVx9Z9tjwFUqcTB1SmG0c=
github.com/patrickmn/go-cache v2.1.0+incompatible h1:HRMgzkcYKYpi3C8ajMPV8OFXaaRUnok+kx1WdO15EQc=
github.com/patrickmn/go-cache v2.1.0+incompatible/go.mod h1:3Qf8kWWT7OJRJbdiICTKqZju1ZixQ/KpMGzzAfe6+WQ=
github.com/paulmach/go.geojson v1.4.0 h1:5x5moCkCtDo5x8af62P9IOAYGQcYHtxz2QJ3x1DoCgY=
github.com/paulmach/go.geojson v1.4.0/go.mod h1:YaKx1hKpWF+T2oj2lFJPsW/t1Q5e1jQI61eoQSTwpIs=
github.com/paulmach/orb v0.1.5 h1:GUcATabvxciqEzGd+c01/9ek3B6pUp9OdcIHFSDDSSg=
github.com/paulmach/orb v0.1.5/go.mod h1:pPwxxs3zoAyosNSbNKn1jiXV2+oovRDObDKfTvRegDI=
github.com/pelletier/go-buffruneio v0.2.0/go.mod h1:JkE26KsDizTr40EUHkXVtNPvgGtbSNq5BcowyYOWdKo=
github.com/pkg/errors v0.8.0/go.mod h1:bwawxfHBFNV+L2hUp1rHADufV3IMtnDRdf1r5NINEl0=
github.com/pkg/errors v0.8.1/go.mod h1:bwawxfHBFNV+L2hUp1rHADufV3IMtnDRdf1r5NINEl0=
github.com/pmezard/go-difflib v1.0.0/go.mod h1:iKH77koFhYxTK1pcRnkKkqfTogsbg7gZNVY4sRDYZ/4=
github.com/sergi/go-diff v1.0.0/go.mod h1:0CfEIISq7TuYL3j771MWULgwwjU+GofnZX9QAmXWZgo=
github.com/shaxbee/go-spatialite v0.0.0-20180425212100-9b4c81899e0e/go.mod h1:tRDdwai9gBsMVwqexZx2+O5F9QY49MxJFo1zlI/MdkU=
github.com/skelterjohn/geom v0.0.0-20180103142417-96f3e8a219c5 h1:qQF/q/+xaKD4CAVz3zfuvpij8U4ihSGIhHfOROI4NFc=
github.com/skelterjohn/geom v0.0.0-20180103142417-96f3e8a219c5/go.mod h1:w8cQIijHlvvZM7afYlixPThHAdD+AkRFw3Mb9yQ2Y+I=
github.com/smartystreets/assertions v0.0.0-20180927180507-b2de0cb4f26d/go.mod h1:OnSkiWE9lh6wB0YB77sQom3nweQdgAjqCqsofrRNTgc=
github.com/smartystreets/goconvey v0.0.0-20190330032615-68dc04aab96a/go.mod h1:syvi0/a8iFYH4r/RixwvyeAJjdLS9QV7WQ/tjFTllLA=
github.com/src-d/gcfg v1.4.0/go.mod h1:p/UMsR43ujA89BJY9duynAwIpvqEujIH/jFlfL7jWoI=
github.com/srwiley/oksvg v0.0.0-20190829233741-58e08c8fe40e h1:LJUrNHytcMXWKxnULIHPe5SCb1jDpO9o672VB1x2EuQ=
github.com/srwiley/oksvg v0.0.0-20190829233741-58e08c8fe40e/go.mod h1:afMbS0qvv1m5tfENCwnOdZGOF8RGR/FsZ7bvBxQGZG4=
github.com/srwiley/rasterx v0.0.0-20181219215540-696f7edb7a7e h1:FFotfUvew9Eg02LYRl8YybAnm0HCwjjfY5JlOI1oB00=
github.com/srwiley/rasterx v0.0.0-20181219215540-696f7edb7a7e/go.mod h1:mvWM0+15UqyrFKqdRjY6LuAVJR0HOVhJlEgZ5JWtSWU=
github.com/stretchr/objx v0.1.0/go.mod h1:HFkY916IF+rwdDfMAkV7OtwuqBVzrE8GR6GFx+wExME=
github.com/stretchr/objx v0.2.0/go.mod h1:qt09Ya8vawLte6SNmTgCsAVtYtaKzEcn8ATUoHMkEqE=
github.com/stretchr/testify v1.3.0/go.mod h1:M5WIy9Dh21IEIfnGCwXGc5bZfKNJtfHm1UVUgZn+9EI=
github.com/tidwall/gjson v1.3.4 h1:On5waDnyKKk3SWE4EthbjjirAWXp43xx5cKCUZY1eZw=
github.com/tidwall/gjson v1.3.4/go.mod h1:P256ACg0Mn+j1RXIDXoss50DeIABTYK1PULOJHhxOls=
github.com/tidwall/match v1.0.1 h1:PnKP62LPNxHKTwvHHZZzdOAOCtsJTjo6dZLCwpKm5xc=
github.com/tidwall/match v1.0.1/go.mod h1:LujAq0jyVjBy028G1WhWfIzbpQfMO8bBZ6Tyb0+pL9E=
github.com/tidwall/pretty v1.0.0 h1:HsD+QiTn7sK6flMKIvNmpqz1qrpP3Ps6jOKIKMooyg4=
github.com/tidwall/pretty v1.0.0/go.mod h1:XNkn88O1ChpSDQmQeStsy+sBenx6DDtFZJxhVysOjyk=
github.com/whosonfirst/algnhsa v0.1.0 h1:8wVksKaz1qor2Y6+fiLEPEPxsEEvUQgSdtSTQLMrnlA=
github.com/whosonfirst/algnhsa v0.1.0/go.mod h1:swLBXxaVTv3s6dJLhekdQCuCTshUew+xHjptRC21RG0=
github.com/whosonfirst/go-bindata v0.1.0 h1:SIjIa/+blKoda8iTaWqxzwFtEc00jNcB2M9dRwGemrg=
github.com/whosonfirst/go-bindata v0.1.0/go.mod h1:qaBkVepgCeknoVuYsUXTJpnlxqrEcZzaIaqZ6XaK+Hk=
github.com/whosonfirst/go-bindata-assetfs v1.0.1 h1:AA328GrND8/uDkf5+5U9Fakgr7QkzET/a6uuXDYpQp0=
github.com/whosonfirst/go-bindata-assetfs v1.0.1/go.mod h1:ZCQnq9roYYk19IAwLQyMnDPSmE+lns9K85+85JSQ4DI=
github.com/whosonfirst/go-cache v0.0.2 h1:O6DxFeSkHPSCxmXSmsTX5tXCY8m/FStEPgglR/Z8q5M=
github.com/whosonfirst/go-cache v0.0.2/go.mod h1:SUK9m5/Dh2WvYGCtlu1Uxo1h+6VUaRra1QHaPSOF+gI=
github.com/whosonfirst/go-geojson-svg v0.0.2 h1:198PG76+x7qdMtDg7VZQR9GDhTOmHAMQEIdkEg5hWrw=
github.com/whosonfirst/go-geojson-svg v0.0.2/go.mod h1:9Ss1nPfGQailPzqzwg957XEuklQhU7rNgtqtY+c9IRM=
github.com/whosonfirst/go-reader v0.0.3 h1:q39C4kncHIF3WIFOQB8CL+1afBJzRdSHbKqGgXmjdkc=
github.com/whosonfirst/go-reader v0.0.3/go.mod h1:TNCpgVgg71qA+jhPltXpGum8gTG5TAJYNGTMJmxFZtQ=
github.com/whosonfirst/go-reader-http v0.0.1 h1:q+pJkS/ml8WBhnOTSecieSejp/h26ox6E65Xs3PgzIc=
github.com/whosonfirst/go-reader-http v0.0.1/go.mod h1:PL15Psi1Qd8Cw/i6M0Szng31IXlOQP/bXvW4Our3+x4=
github.com/whosonfirst/go-sanitize v0.1.0 h1:ygSqCnakwdzH/m8UEa15zXGDsoo5/JJeRkgmAjXZrBU=
github.com/whosonfirst/go-sanitize v0.1.0/go.mod h1:p/emgbafMM0p5iVAz2XWwecYPl06Tw4Jos9rhTKIrt8=
github.com/whosonfirst/go-spatialite v0.0.0-20180220171945-cb1d9ed624a8/go.mod h1:JnzadIex2v6ZyX6pLrjJ5CJ69e/ljYBCqxarHDMkMJ4=
github.com/whosonfirst/go-whosonfirst-cli v0.1.0 h1:Wwj9z0R/ryHmPmpVm5jCbXdG4agJzKMWXDtPVReN/KA=
github.com/whosonfirst/go-whosonfirst-cli v0.1.0/go.mod h1:Edy+amD+fMq1QS1yxB3u8maA8I93q/LG7JRNh+fsdfc=
github.com/whosonfirst/go-whosonfirst-crawl v0.1.0/go.mod h1:ZIYj6wdjduyJkWHwg4P3gNeLgWMW9uHZOn04eusRnLI=
github.com/whosonfirst/go-whosonfirst-crawl v0.2.0/go.mod h1:0t0OFAJ3MpllNw7hI5TpS+wJtx13nzM/DBLYUKJDJu0=
github.com/whosonfirst/go-whosonfirst-csv v0.1.0/go.mod h1:jhAZLURSWJN7mEpdQeXeSQnmLJq+FkTL2Q32iV0170I=
github.com/whosonfirst/go-whosonfirst-flags v0.1.0 h1:llb2wtsI2y+gHZCmWaamMCx4YDRE8ZXQRRYqC7qB4so=
github.com/whosonfirst/go-whosonfirst-flags v0.1.0/go.mod h1:bovMiQphaVhqemXFmNVf9Ts0tqnWtzHRFMUSKX+zTE8=
github.com/whosonfirst/go-whosonfirst-geojson-v2 v0.12.0 h1:aYsgIq/g4fU5rVdumMTqG9ysJxwhW085buzaMxP5mjs=
github.com/whosonfirst/go-whosonfirst-geojson-v2 v0.12.0/go.mod h1:hC145O2TiPTU8zemHRriKOkG972BNwEowqjxqHeWDwM=
github.com/whosonfirst/go-whosonfirst-hash v0.1.0 h1:FpnclPIb+8M1uhSXfl3z8nYcG/3O59vgfkdV+m0hQpA=
github.com/whosonfirst/go-whosonfirst-hash v0.1.0/go.mod h1:1ZdCFZTnQt5bwnsj2daB9yHilKOKToVh+Tyj/Z8TbUk=
github.com/whosonfirst/go-whosonfirst-image v0.0.1 h1:TihfxW7Lzk4NrZYtCNdbQGRRkJQLcdydPgmh0aZLXP8=
github.com/whosonfirst/go-whosonfirst-image v0.0.1/go.mod h1:s1izfVHKlDVJTnY+5YDUf/6P0O5iV6eRM4MPDYAXxLQ=
github.com/whosonfirst/go-whosonfirst-index v0.1.1/go.mod h1:vgUaNF7Y7gFrqQ67UTkkMioXdGNUY4KpSlqhGy46wfg=
github.com/whosonfirst/go-whosonfirst-index v0.2.2/go.mod h1:n3rY2Hza4+MFtKES9C1sS4AAIkA5va/nagzvt+4ZFBw=
github.com/whosonfirst/go-whosonfirst-log v0.1.0/go.mod h1:pmgBbxZSnjGVy2nsUJBBMcFagxwIKLlmRsW7ClkXmac=
github.com/whosonfirst/go-whosonfirst-placetypes v0.1.0 h1:zuSk8eqeEkg42sIZ4EF71IMtphdTbG80qJsXhuZXXbM=
github.com/whosonfirst/go-whosonfirst-placetypes v0.1.0/go.mod h1:Jdmug2QQLbrmg+UcYGz8k575GnrOEg63vZVS46e5fMs=
github.com/whosonfirst/go-whosonfirst-sources v0.1.0 h1:JuKLa6KWke22jBfJ1pM9WQHoz1/3pbDv2C+aR+THPPQ=
github.com/whosonfirst/go-whosonfirst-sources v0.1.0/go.mod h1:EUMHyGzUmqPPxlMmOp+28BFeoBdxxE0HCKRd67lkqGM=
github.com/whosonfirst/go-whosonfirst-spr v0.1.0 h1:5qE629nCiucF2upy5NjPOEl9cFatsljykYY0l2JKgAk=
github.com/whosonfirst/go-whosonfirst-spr v0.1.0/go.mod h1:R8GtEVz1GVSnwwOjzcoVUd172ZK26Q7hQSLI6SGG7lM=
github.com/whosonfirst/go-whosonfirst-sqlite v0.0.2/go.mod h1:JmSK+NaXOzmZJXkzOdy2mHwMJvAbUzKw//B3dVr98H0=
github.com/whosonfirst/go-whosonfirst-sqlite v0.1.0/go.mod h1:mm4RnFLe1ydCn1sItwU+Jfy2SYTHNp2zMSZasmM3/1M=
github.com/whosonfirst/go-whosonfirst-svg v0.0.2 h1:jRRqjv41nXbTso7wc1QJil3iPZTmUY/m1vtM27FN4Cg=
github.com/whosonfirst/go-whosonfirst-svg v0.0.2/go.mod h1:OccCcByQVS1GEhaBsMekBUO/5/99KPrD7GfMgpC6f/Y=
github.com/whosonfirst/go-whosonfirst-uri v0.1.0 h1:JMlpam0x1hVrFBMTAPY3edIHz7azfMK8lLI2kM9BgbI=
github.com/whosonfirst/go-whosonfirst-uri v0.1.0/go.mod h1:8eaDVcc4v+HHHEDaRbApdmhPwM4/JQllw2PktvZcPVs=
github.com/whosonfirst/walk v0.0.0-20160802000000-c0a349674b73681a7272f5ce6ade8ea28055059f/go.mod h1:U/1VXxlMzNZbyylg18AzEeHkGi1RXiBCMKpaM2XR+tQ=
github.com/whosonfirst/walk v0.0.0-20160803014805-c0a349674b73/go.mod h1:U/1VXxlMzNZbyylg18AzEeHkGi1RXiBCMKpaM2XR+tQ=
github.com/whosonfirst/warning v0.1.0 h1:NgMa6a6Xv7FdDNgpqK5j/FDo6qrcFzFtidAExDqPfC0=
github.com/whosonfirst/warning v0.1.0/go.mod h1:cAez7FpC/UEUrbiOXZO15v2JM8eijtFHQlN93AGFy1k=
github.com/xanzy/ssh-agent v0.2.1/go.mod h1:mLlQY/MoOhWBj+gOGMQkOeiEvkx+8pJSI+0Bx9h2kr4=
golang.org/x/crypto v0.0.0-20190219172222-a4c6cb3142f2/go.mod h1:6SG95UA2DQfeDnfUPMdvaQW0Q7yPrPDi9nlGo2tz2b4=
golang.org/x/crypto v0.0.0-20190308221718-c2843e01d9a2/go.mod h1:djNgcEr1/C05ACkg1iLfiJU5Ep61QUkGW8qpdssI0+w=
golang.org/x/crypto v0.0.0-20190701094942-4def268fd1a4/go.mod h1:yigFU9vqHzYiE8UmvKecakEJjdnWj3jj499lnFckfCI=
golang.org/x/image v0.0.0-20191214001246-9130b4cfad52 h1:2fktqPPvDiVEEVT/vSTeoUPXfmRxRaGy6GU8jypvEn0=
golang.org/x/image v0.0.0-20191214001246-9130b4cfad52/go.mod h1:FeLwcggjj3mMvU+oOTbSwawSJRM1uh48EjtB4UJZlP0=
golang.org/x/net v0.0.0-20190311183353-d8887717615a/go.mod h1:t9HGtf8HONx5eT2rtn7q6eTqICYqUVnKs3thJo3Qplg=
golang.org/x/net v0.0.0-20190404232315-eb5bcb51f2a3/go.mod h1:t9HGtf8HONx5eT2rtn7q6eTqICYqUVnKs3thJo3Qplg=
golang.org/x/net v0.0.0-20190613194153-d28f0bde5980/go.mod h1:z5CRVTTTmAJ677TzLLGU+0bjPO0LkuOLi4/5GtJWs/s=
golang.org/x/net v0.0.0-20190620200207-3b0461eec859/go.mod h1:z5CRVTTTmAJ677TzLLGU+0bjPO0LkuOLi4/5GtJWs/s=
golang.org/x/net v0.0.0-20190628185345-da137c7871d7/go.mod h1:z5CRVTTTmAJ677TzLLGU+0bjPO0LkuOLi4/5GtJWs/s=
golang.org/x/net v0.0.0-20190724013045-ca1201d0de80 h1:Ao/3l156eZf2AW5wK8a7/smtodRU+gha3+BeqJ69lRk=
golang.org/x/net v0.0.0-20190724013045-ca1201d0de80/go.mod h1:z5CRVTTTmAJ677TzLLGU+0bjPO0LkuOLi4/5GtJWs/s=
golang.org/x/sync v0.0.0-20190423024810-112230192c58/go.mod h1:RxMgew5VJxzue5/jJTE5uejpjVlOe/izrB70Jof72aM=
golang.org/x/sys v0.0.0-20190215142949-d0b11bdaac8a/go.mod h1:STP8DvDyc/dI5b8T5hshtkjS+E42TnysNCUPdjciGhY=
golang.org/x/sys v0.0.0-20190221075227-b4e8571b14e0/go.mod h1:STP8DvDyc/dI5b8T5hshtkjS+E42TnysNCUPdjciGhY=
golang.org/x/sys v0.0.0-20190412213103-97732733099d/go.mod h1:h1NjWce9XRLGQEsW7wpKNCjG9DtNlClVuFLEZdDNbEs=
golang.org/x/sys v0.0.0-20190726091711-fc99dfbffb4e/go.mod h1:h1NjWce9XRLGQEsW7wpKNCjG9DtNlClVuFLEZdDNbEs=
golang.org/x/text v0.3.0/go.mod h1:NqM8EUOU14njkJ3fqMW+pc6Ldnwhi/IjpwHt7yyuwOQ=
golang.org/x/text v0.3.2 h1:tW2bmiBqwgJj/UpqtC8EpXEZVYOwU0yG4iWbprSVAcs=
golang.org/x/text v0.3.2/go.mod h1:bEr9sfX3Q8Zfm5fL9x+3itogRgK3+ptLWKqgva+5dAk=
golang.org/x/tools v0.0.0-20180917221912-90fa682c2a6e/go.mod h1:n7NCudcB/nEzxVGmLbDWY5pfWTLqBcC2KZ6jyYvM4mQ=
golang.org/x/tools v0.0.0-20181030221726-6c7e314b6563/go.mod h1:n7NCudcB/nEzxVGmLbDWY5pfWTLqBcC2KZ6jyYvM4mQ=
golang.org/x/tools v0.0.0-20190328211700-ab21143f2384/go.mod h1:LCzVGOaR6xXOjkQ3onu1FJEFr0SW1gC7cKk1uF8kGRs=
golang.org/x/tools v0.0.0-20190729092621-ff9f1409240a/go.mod h1:jcCCGcm9btYwXyDqrUWc6MKQKKGJCWEQ3AfLSRIbEuI=
gopkg.in/check.v1 v1.0.0-20180628173108-788fd7840127/go.mod h1:Co6ibVJAznAaIkqp8huTwlJQCZ016jof/cbN4VW5Yz0=
gopkg.in/ini.v1 v1.42.0/go.mod h1:pNLf8WUiyNEtQjuu5G5vTm06TEv9tsIgeAvK8hOrP4k=
gopkg.in/src-d/go-billy.v4 v4.3.2/go.mod h1:nDjArDMp+XMs1aFAESLRjfGSgfvoYN0hDfzEk0GjC98=
gopkg.in/src-d/go-git-fixtures.v3 v3.5.0/go.mod h1:dLBcvytrw/TYZsNTWCnkNF2DSIlzWYqTe3rJR56Ac7g=
gopkg.in/src-d/go-git.v4 v4.13.1/go.mod h1:nx5NYcxdKxq5fpltdHnPa2Exj4Sx0EclMWZQbYDu2z8=
gopkg.in/warnings.v0 v0.1.2/go.mod h1:jksf8JmL6Qr/oQM2OXTHunEvvTAsrWBLb6OOjuVWRNI=
